
Microsoft Visual Studio Solution File, Format Version 12.00
# Visual Studio Version 16
VisualStudioVersion = 16.0.29306.81
MinimumVisualStudioVersion = 10.0.40219.1
Project("{FAE04EC0-301F-11D3-BF4B-00C04F79EFBC}") = "SysKey", "SysKey\SysKey.csproj", "{7C28A7BB-48BF-4630-9674-98D0B5668E1B}"
EndProject
Project("{FAE04EC0-301F-11D3-BF4B-00C04F79EFBC}") = "Notepad", "Notepad\Notepad.csproj", "{BFF7451E-4FE5-411B-97FB-C23E65D0EF60}"
EndProject
Project("{FAE04EC0-301F-11D3-BF4B-00C04F79EFBC}") = "GiftcardGenerator", "GiftcardGenerator\GiftcardGenerator.csproj", "{04DCF1FC-9B91-4E5A-BEF5-31251900F9FD}"
EndProject
Project("{FAE04EC0-301F-11D3-BF4B-00C04F79EFBC}") = "tree", "tree\tree.csproj", "{1E5E8F23-82FC-43E6-9A4F-40EEA7D4A758}"
EndProject
Project("{FAE04EC0-301F-11D3-BF4B-00C04F79EFBC}") = "netstat", "netstat\netstat.csproj", "{7EF81FF7-7FC0-4222-9099-8B5DC60228EC}"
EndProject
Project("{FAE04EC0-301F-11D3-BF4B-00C04F79EFBC}") = "FakeRansomware", "FakeRansomware\FakeRansomware.csproj", "{FBC5712C-9A69-4E0C-82C9-59BAB9EDD497}"
EndProject
Global
	GlobalSection(SolutionConfigurationPlatforms) = preSolution
		Debug|Any CPU = Debug|Any CPU
		Release|Any CPU = Release|Any CPU
	EndGlobalSection
	GlobalSection(ProjectConfigurationPlatforms) = postSolution
		{7C28A7BB-48BF-4630-9674-98D0B5668E1B}.Debug|Any CPU.ActiveCfg = Debug|Any CPU
		{7C28A7BB-48BF-4630-9674-98D0B5668E1B}.Debug|Any CPU.Build.0 = Debug|Any CPU
		{7C28A7BB-48BF-4630-9674-98D0B5668E1B}.Release|Any CPU.ActiveCfg = Release|Any CPU
		{7C28A7BB-48BF-4630-9674-98D0B5668E1B}.Release|Any CPU.Build.0 = Release|Any CPU
		{BFF7451E-4FE5-411B-97FB-C23E65D0EF60}.Debug|Any CPU.ActiveCfg = Debug|Any CPU
		{BFF7451E-4FE5-411B-97FB-C23E65D0EF60}.Debug|Any CPU.Build.0 = Debug|Any CPU
		{BFF7451E-4FE5-411B-97FB-C23E65D0EF60}.Release|Any CPU.ActiveCfg = Release|Any CPU
		{BFF7451E-4FE5-411B-97FB-C23E65D0EF60}.Release|Any CPU.Build.0 = Release|Any CPU
		{04DCF1FC-9B91-4E5A-BEF5-31251900F9FD}.Debug|Any CPU.ActiveCfg = Debug|Any CPU
		{04DCF1FC-9B91-4E5A-BEF5-31251900F9FD}.Debug|Any CPU.Build.0 = Debug|Any CPU
		{04DCF1FC-9B91-4E5A-BEF5-31251900F9FD}.Release|Any CPU.ActiveCfg = Release|Any CPU
		{04DCF1FC-9B91-4E5A-BEF5-31251900F9FD}.Release|Any CPU.Build.0 = Release|Any CPU
		{1E5E8F23-82FC-43E6-9A4F-40EEA7D4A758}.Debug|Any CPU.ActiveCfg = Debug|Any CPU
		{1E5E8F23-82FC-43E6-9A4F-40EEA7D4A758}.Debug|Any CPU.Build.0 = Debug|Any CPU
		{1E5E8F23-82FC-43E6-9A4F-40EEA7D4A758}.Release|Any CPU.ActiveCfg = Release|Any CPU
		{1E5E8F23-82FC-43E6-9A4F-40EEA7D4A758}.Release|Any CPU.Build.0 = Release|Any CPU
		{7EF81FF7-7FC0-4222-9099-8B5DC60228EC}.Debug|Any CPU.ActiveCfg = Debug|Any CPU
		{7EF81FF7-7FC0-4222-9099-8B5DC60228EC}.Debug|Any CPU.Build.0 = Debug|Any CPU
		{7EF81FF7-7FC0-4222-9099-8B5DC60228EC}.Release|Any CPU.ActiveCfg = Release|Any CPU
		{7EF81FF7-7FC0-4222-9099-8B5DC60228EC}.Release|Any CPU.Build.0 = Release|Any CPU
		{FBC5712C-9A69-4E0C-82C9-59BAB9EDD497}.Debug|Any CPU.ActiveCfg = Debug|Any CPU
		{FBC5712C-9A69-4E0C-82C9-59BAB9EDD497}.Debug|Any CPU.Build.0 = Debug|Any CPU
		{FBC5712C-9A69-4E0C-82C9-59BAB9EDD497}.Release|Any CPU.ActiveCfg = Release|Any CPU
		{FBC5712C-9A69-4E0C-82C9-59BAB9EDD497}.Release|Any CPU.Build.0 = Release|Any CPU
	EndGlobalSection
	GlobalSection(SolutionProperties) = preSolution
		HideSolutionNode = FALSE
	EndGlobalSection
	GlobalSection(ExtensibilityGlobals) = postSolution
		SolutionGuid = {626B3B1D-4262-4BD6-9447-E17A357CCA52}
	EndGlobalSection
EndGlobal
